
Microsoft Visual Studio Solution File, Format Version 12.00
# Visual Studio Version 17
VisualStudioVersion = 17.14.36811.4
MinimumVisualStudioVersion = 10.0.40219.1
Project("{FAE04EC0-301F-11D3-BF4B-00C04F79EFBC}") = "Aarati's Journal", "Aarati's Journal.csproj", "{3E1D83F6-79BE-4B86-BBEA-D9E3554C8C04}"
EndProject
Global
	GlobalSection(SolutionConfigurationPlatforms) = preSolution
		Debug|Any CPU = Debug|Any CPU
		Release|Any CPU = Release|Any CPU
	EndGlobalSection
	GlobalSection(ProjectConfigurationPlatforms) = postSolution
		{3E1D83F6-79BE-4B86-BBEA-D9E3554C8C04}.Debug|Any CPU.ActiveCfg = Debug|Any CPU
		{3E1D83F6-79BE-4B86-BBEA-D9E3554C8C04}.Debug|Any CPU.Build.0 = Debug|Any CPU
		{3E1D83F6-79BE-4B86-BBEA-D9E3554C8C04}.Debug|Any CPU.Deploy.0 = Debug|Any CPU
		{3E1D83F6-79BE-4B86-BBEA-D9E3554C8C04}.Release|Any CPU.ActiveCfg = Release|Any CPU
		{3E1D83F6-79BE-4B86-BBEA-D9E3554C8C04}.Release|Any CPU.Build.0 = Release|Any CPU
	EndGlobalSection
	GlobalSection(SolutionProperties) = preSolution
		HideSolutionNode = FALSE
	EndGlobalSection
	GlobalSection(ExtensibilityGlobals) = postSolution
		SolutionGuid = {F4145909-7990-429F-A194-E5B431E94D32}
	EndGlobalSection
EndGlobal
